// !$*UTF8*$!
{
	archiveVersion = 1;
	classes = {
	};
	objectVersion = 46;
	objects = {

/* Begin PBXBuildFile section */
		5D028C821951294400F64D49 /* AppDelegate.swift in Sources */ = {isa = PBXBuildFile; fileRef = 5D028C811951294400F64D49 /* AppDelegate.swift */; };
		5D028C841951294400F64D49 /* GameScene.sks in Resources */ = {isa = PBXBuildFile; fileRef = 5D028C831951294400F64D49 /* GameScene.sks */; };
		5D028C861951294400F64D49 /* GameScene.swift in Sources */ = {isa = PBXBuildFile; fileRef = 5D028C851951294400F64D49 /* GameScene.swift */; };
		5D028C881951294400F64D49 /* GameViewController.swift in Sources */ = {isa = PBXBuildFile; fileRef = 5D028C871951294400F64D49 /* GameViewController.swift */; };
		5D028C8B1951294400F64D49 /* Main.storyboard in Resources */ = {isa = PBXBuildFile; fileRef = 5D028C891951294400F64D49 /* Main.storyboard */; };
		5D028C8D1951294400F64D49 /* Images.xcassets in Resources */ = {isa = PBXBuildFile; fileRef = 5D028C8C1951294400F64D49 /* Images.xcassets */; };
		5D028C991951294500F64D49 /* GameOfLifeTests.swift in Sources */ = {isa = PBXBuildFile; fileRef = 5D028C981951294500F64D49 /* GameOfLifeTests.swift */; };
		5D028CA51951345300F64D49 /* Tile.swift in Sources */ = {isa = PBXBuildFile; fileRef = 5D028CA41951345300F64D49 /* Tile.swift */; };
/* End PBXBuildFile section */

/* Begin PBXContainerItemProxy section */
		5D028C931951294500F64D49 /* PBXContainerItemProxy */ = {
			isa = PBXContainerItemProxy;
			containerPortal = 5D028C741951294400F64D49 /* Project object */;
			proxyType = 1;
			remoteGlobalIDString = 5D028C7B1951294400F64D49;
			remoteInfo = GameOfLife;
		};
/* End PBXContainerItemProxy section */

/* Begin PBXFileReference section */
		5D028C7C1951294400F64D49 /* GameOfLife.app */ = {isa = PBXFileReference; explicitFileType = wrapper.application; includeInIndex = 0; path = GameOfLife.app; sourceTree = BUILT_PRODUCTS_DIR; };
		5D028C801951294400F64D49 /* Info.plist */ = {isa = PBXFileReference; lastKnownFileType = text.plist.xml; path = Info.plist; sourceTree = "<group>"; };
		5D028C811951294400F64D49 /* AppDelegate.swift */ = {isa = PBXFileReference; lastKnownFileType = sourcecode.swift; path = AppDelegate.swift; sourceTree = "<group>"; };
		5D028C831951294400F64D49 /* GameScene.sks */ = {isa = PBXFileReference; lastKnownFileType = file.sks; path = GameScene.sks; sourceTree = "<group>"; };
		5D028C851951294400F64D49 /* GameScene.swift */ = {isa = PBXFileReference; lastKnownFileType = sourcecode.swift; path = GameScene.swift; sourceTree = "<group>"; };
		5D028C871951294400F64D49 /* GameViewController.swift */ = {isa = PBXFileReference; lastKnownFileType = sourcecode.swift; path = GameViewController.swift; sourceTree = "<group>"; };
		5D028C8A1951294400F64D49 /* Base */ = {isa = PBXFileReference; lastKnownFileType = file.storyboard; name = Base; path = Base.lproj/Main.storyboard; sourceTree = "<group>"; };
		5D028C8C1951294400F64D49 /* Images.xcassets */ = {isa = PBXFileReference; lastKnownFileType = folder.assetcatalog; path = Images.xcassets; sourceTree = "<group>"; };
		5D028C921951294500F64D49 /* GameOfLifeTests.xctest */ = {isa = PBXFileReference; explicitFileType = wrapper.cfbundle; includeInIndex = 0; path = GameOfLifeTests.xctest; sourceTree = BUILT_PRODUCTS_DIR; };
		5D028C971951294500F64D49 /* Info.plist */ = {isa = PBXFileReference; lastKnownFileType = text.plist.xml; path = Info.plist; sourceTree = "<group>"; };
		5D028C981951294500F64D49 /* GameOfLifeTests.swift */ = {isa = PBXFileReference; lastKnownFileType = sourcecode.swift; path = GameOfLifeTests.swift; sourceTree = "<group>"; };
		5D028CA41951345300F64D49 /* Tile.swift */ = {isa = PBXFileReference; fileEncoding = 4; lastKnownFileType = sourcecode.swift; path = Tile.swift; sourceTree = "<group>"; };
/* End PBXFileReference section */

/* Begin PBXFrameworksBuildPhase section */
		5D028C791951294400F64D49 /* Frameworks */ = {
			isa = PBXFrameworksBuildPhase;
			buildActionMask = 2147483647;
			files = (
			);
			runOnlyForDeploymentPostprocessing = 0;
		};
		5D028C8F1951294500F64D49 /* Frameworks */ = {
			isa = PBXFrameworksBuildPhase;
			buildActionMask = 2147483647;
			files = (
			);
			runOnlyForDeploymentPostprocessing = 0;
		};
/* End PBXFrameworksBuildPhase section */

/* Begin PBXGroup section */
		5D028C731951294400F64D49 = {
			isa = PBXGroup;
			children = (
				5D028C7E1951294400F64D49 /* GameOfLife */,
				5D028C951951294500F64D49 /* GameOfLifeTests */,
				5D028C7D1951294400F64D49 /* Products */,
			);
			sourceTree = "<group>";
		};
		5D028C7D1951294400F64D49 /* Products */ = {
			isa = PBXGroup;
			children = (
				5D028C7C1951294400F64D49 /* GameOfLife.app */,
				5D028C921951294500F64D49 /* GameOfLifeTests.xctest */,
			);
			name = Products;
			sourceTree = "<group>";
		};
		5D028C7E1951294400F64D49 /* GameOfLife */ = {
			isa = PBXGroup;
			children = (
				5D028C831951294400F64D49 /* GameScene.sks */,
				5D028C851951294400F64D49 /* GameScene.swift */,
				5D028CA41951345300F64D49 /* Tile.swift */,
				5D028C871951294400F64D49 /* GameViewController.swift */,
				5D028C891951294400F64D49 /* Main.storyboard */,
				5D028C8C1951294400F64D49 /* Images.xcassets */,
				5D028C7F1951294400F64D49 /* Supporting Files */,
			);
			path = GameOfLife;
			sourceTree = "<group>";
		};
		5D028C7F1951294400F64D49 /* Supporting Files */ = {
			isa = PBXGroup;
			children = (
				5D028C811951294400F64D49 /* AppDelegate.swift */,
				5D028C801951294400F64D49 /* Info.plist */,
			);
			name = "Supporting Files";
			sourceTree = "<group>";
		};
		5D028C951951294500F64D49 /* GameOfLifeTests */ = {
			isa = PBXGroup;
			children = (
				5D028C981951294500F64D49 /* GameOfLifeTests.swift */,
				5D028C961951294500F64D49 /* Supporting Files */,
			);
			path = GameOfLifeTests;
			sourceTree = "<group>";
		};
		5D028C961951294500F64D49 /* Supporting Files */ = {
			isa = PBXGroup;
			children = (
				5D028C971951294500F64D49 /* Info.plist */,
			);
			name = "Supporting Files";
			sourceTree = "<group>";
		};
/* End PBXGroup section */

/* Begin PBXNativeTarget section */
		5D028C7B1951294400F64D49 /* GameOfLife */ = {
			isa = PBXNativeTarget;
			buildConfigurationList = 5D028C9C1951294500F64D49 /* Build configuration list for PBXNativeTarget "GameOfLife" */;
			buildPhases = (
				5D028C781951294400F64D49 /* Sources */,
				5D028C791951294400F64D49 /* Frameworks */,
				5D028C7A1951294400F64D49 /* Resources */,
			);
			buildRules = (
			);
			dependencies = (
			);
			name = GameOfLife;
			productName = GameOfLife;
			productReference = 5D028C7C1951294400F64D49 /* GameOfLife.app */;
			productType = "com.apple.product-type.application";
		};
		5D028C911951294500F64D49 /* GameOfLifeTests */ = {
			isa = PBXNativeTarget;
			buildConfigurationList = 5D028C9F1951294500F64D49 /* Build configuration list for PBXNativeTarget "GameOfLifeTests" */;
			buildPhases = (
				5D028C8E1951294500F64D49 /* Sources */,
				5D028C8F1951294500F64D49 /* Frameworks */,
				5D028C901951294500F64D49 /* Resources */,
			);
			buildRules = (
			);
			dependencies = (
				5D028C941951294500F64D49 /* PBXTargetDependency */,
			);
			name = GameOfLifeTests;
			productName = GameOfLifeTests;
			productReference = 5D028C921951294500F64D49 /* GameOfLifeTests.xctest */;
			productType = "com.apple.product-type.bundle.unit-test";
		};
/* End PBXNativeTarget section */

/* Begin PBXProject section */
		5D028C741951294400F64D49 /* Project object */ = {
			isa = PBXProject;
			attributes = {
				LastUpgradeCheck = 0600;
				ORGANIZATIONNAME = "Dougie's Apps";
				TargetAttributes = {
					5D028C7B1951294400F64D49 = {
						CreatedOnToolsVersion = 6.0;
					};
					5D028C911951294500F64D49 = {
						CreatedOnToolsVersion = 6.0;
						TestTargetID = 5D028C7B1951294400F64D49;
					};
				};
			};
			buildConfigurationList = 5D028C771951294400F64D49 /* Build configuration list for PBXProject "GameOfLife" */;
			compatibilityVersion = "Xcode 3.2";
			developmentRegion = English;
			hasScannedForEncodings = 0;
			knownRegions = (
				en,
				Base,
			);
			mainGroup = 5D028C731951294400F64D49;
			productRefGroup = 5D028C7D1951294400F64D49 /* Products */;
			projectDirPath = "";
			projectRoot = "";
			targets = (
				5D028C7B1951294400F64D49 /* GameOfLife */,
				5D028C911951294500F64D49 /* GameOfLifeTests */,
			);
		};
/* End PBXProject section */

/* Begin PBXResourcesBuildPhase section */
		5D028C7A1951294400F64D49 /* Resources */ = {
			isa = PBXResourcesBuildPhase;
			buildActionMask = 2147483647;
			files = (
				5D028C8D1951294400F64D49 /* Images.xcassets in Resources */,
				5D028C841951294400F64D49 /* GameScene.sks in Resources */,
				5D028C8B1951294400F64D49 /* Main.storyboard in Resources */,
			);
			runOnlyForDeploymentPostprocessing = 0;
		};
		5D028C901951294500F64D49 /* Resources */ = {
			isa = PBXResourcesBuildPhase;
			buildActionMask = 2147483647;
			files = (
			);
			runOnlyForDeploymentPostprocessing = 0;
		};
/* End PBXResourcesBuildPhase section */

/* Begin PBXSourcesBuildPhase section */
		5D028C781951294400F64D49 /* Sources */ = {
			isa = PBXSourcesBuildPhase;
			buildActionMask = 2147483647;
			files = (
				5D028C861951294400F64D49 /* GameScene.swift in Sources */,
				5D028C881951294400F64D49 /* GameViewController.swift in Sources */,
				5D028C821951294400F64D49 /* AppDelegate.swift in Sources */,
				5D028CA51951345300F64D49 /* Tile.swift in Sources */,
			);
			runOnlyForDeploymentPostprocessing = 0;
		};
		5D028C8E1951294500F64D49 /* Sources */ = {
			isa = PBXSourcesBuildPhase;
			buildActionMask = 2147483647;
			files = (
				5D028C991951294500F64D49 /* GameOfLifeTests.swift in Sources */,
			);
			runOnlyForDeploymentPostprocessing = 0;
		};
/* End PBXSourcesBuildPhase section */

/* Begin PBXTargetDependency section */
		5D028C941951294500F64D49 /* PBXTargetDependency */ = {
			isa = PBXTargetDependency;
			target = 5D028C7B1951294400F64D49 /* GameOfLife */;
			targetProxy = 5D028C931951294500F64D49 /* PBXContainerItemProxy */;
		};
/* End PBXTargetDependency section */

/* Begin PBXVariantGroup section */
		5D028C891951294400F64D49 /* Main.storyboard */ = {
			isa = PBXVariantGroup;
			children = (
				5D028C8A1951294400F64D49 /* Base */,
			);
			name = Main.storyboard;
			sourceTree = "<group>";
		};
/* End PBXVariantGroup section */

/* Begin XCBuildConfiguration section */
		5D028C9A1951294500F64D49 /* Debug */ = {
			isa = XCBuildConfiguration;
			buildSettings = {
				ALWAYS_SEARCH_USER_PATHS = NO;
				CLANG_CXX_LANGUAGE_STANDARD = "gnu++0x";
				CLANG_CXX_LIBRARY = "libc++";
				CLANG_ENABLE_MODULES = YES;
				CLANG_ENABLE_OBJC_ARC = YES;
				CLANG_WARN_BOOL_CONVERSION = YES;
				CLANG_WARN_CONSTANT_CONVERSION = YES;
				CLANG_WARN_DIRECT_OBJC_ISA_USAGE = YES_ERROR;
				CLANG_WARN_EMPTY_BODY = YES;
				CLANG_WARN_ENUM_CONVERSION = YES;
				CLANG_WARN_INT_CONVERSION = YES;
				CLANG_WARN_OBJC_ROOT_CLASS = YES_ERROR;
				CLANG_WARN_UNREACHABLE_CODE = YES;
				CLANG_WARN__DUPLICATE_METHOD_MATCH = YES;
				"CODE_SIGN_IDENTITY[sdk=iphoneos*]" = "iPhone Developer";
				COPY_PHASE_STRIP = NO;
				ENABLE_STRICT_OBJC_MSGSEND = YES;
				GCC_C_LANGUAGE_STANDARD = gnu99;
				GCC_DYNAMIC_NO_PIC = NO;
				GCC_OPTIMIZATION_LEVEL = 0;
				GCC_PREPROCESSOR_DEFINITIONS = (
					"DEBUG=1",
					"$(inherited)",
				);
				GCC_SYMBOLS_PRIVATE_EXTERN = NO;
				GCC_WARN_64_TO_32_BIT_CONVERSION = YES;
				GCC_WARN_ABOUT_RETURN_TYPE = YES_ERROR;
				GCC_WARN_UNDECLARED_SELECTOR = YES;
				GCC_WARN_UNINITIALIZED_AUTOS = YES_AGGRESSIVE;
				GCC_WARN_UNUSED_FUNCTION = YES;
				GCC_WARN_UNUSED_VARIABLE = YES;
				IPHONEOS_DEPLOYMENT_TARGET = 8.0;
				METAL_ENABLE_DEBUG_INFO = YES;
				ONLY_ACTIVE_ARCH = YES;
				SDKROOT = iphoneos;
				SWIFT_OPTIMIZATION_LEVEL = "-Onone";
			};
			name = Debug;
		};
		5D028C9B1951294500F64D49 /* Release */ = {
			isa = XCBuildConfiguration;
			buildSettings = {
				ALWAYS_SEARCH_USER_PATHS = NO;
				CLANG_CXX_LANGUAGE_STANDARD = "gnu++0x";
				CLANG_CXX_LIBRARY = "libc++";
				CLANG_ENABLE_MODULES = YES;
				CLANG_ENABLE_OBJC_ARC = YES;
				CLANG_WARN_BOOL_CONVERSION = YES;
				CLANG_WARN_CONSTANT_CONVERSION = YES;
				CLANG_WARN_DIRECT_OBJC_ISA_USAGE = YES_ERROR;
				CLANG_WARN_EMPTY_BODY = YES;
				CLANG_WARN_ENUM_CONVERSION = YES;
				CLANG_WARN_INT_CONVERSION = YES;
				CLANG_WARN_OBJC_ROOT_CLASS = YES_ERROR;
				CLANG_WARN_UNREACHABLE_CODE = YES;
				CLANG_WARN__DUPLICATE_METHOD_MATCH = YES;
				"CODE_SIGN_IDENTITY[sdk=iphoneos*]" = "iPhone Developer";
				COPY_PHASE_STRIP = YES;
				ENABLE_NS_ASSERTIONS = NO;
				ENABLE_STRICT_OBJC_MSGSEND = YES;
				GCC_C_LANGUAGE_STANDARD = gnu99;
				GCC_WARN_64_TO_32_BIT_CONVERSION = YES;
				GCC_WARN_ABOUT_RETURN_TYPE = YES_ERROR;
				GCC_WARN_UNDECLARED_SELECTOR = YES;
				GCC_WARN_UNINITIALIZED_AUTOS = YES_AGGRESSIVE;
				GCC_WARN_UNUSED_FUNCTION = YES;
				GCC_WARN_UNUSED_VARIABLE = YES;
				IPHONEOS_DEPLOYMENT_TARGET = 8.0;
				METAL_ENABLE_DEBUG_INFO = NO;
				SDKROOT = iphoneos;
				VALIDATE_PRODUCT = YES;
			};
			name = Release;
		};
		5D028C9D1951294500F64D49 /* Debug */ = {
			isa = XCBuildConfiguration;
			buildSettings = {
				ASSETCATALOG_COMPILER_APPICON_NAME = AppIcon;
				ASSETCATALOG_COMPILER_LAUNCHIMAGE_NAME = LaunchImage;
				INFOPLIST_FILE = GameOfLife/Info.plist;
				IPHONEOS_DEPLOYMENT_TARGET = 7.0;
				LD_RUNPATH_SEARCH_PATHS = "$(inherited) @executable_path/Frameworks";
				PRODUCT_NAME = "$(TARGET_NAME)";
			};
			name = Debug;
		};
		5D028C9E1951294500F64D49 /* Release */ = {
			isa = XCBuildConfiguration;
			buildSettings = {
				ASSETCATALOG_COMPILER_APPICON_NAME = AppIcon;
				ASSETCATALOG_COMPILER_LAUNCHIMAGE_NAME = LaunchImage;
				INFOPLIST_FILE = GameOfLife/Info.plist;
				IPHONEOS_DEPLOYMENT_TARGET = 7.0;
				LD_RUNPATH_SEARCH_PATHS = "$(inherited) @executable_path/Frameworks";
				PRODUCT_NAME = "$(TARGET_NAME)";
			};
			name = Release;
		};
		5D028CA01951294500F64D49 /* Debug */ = {
			isa = XCBuildConfiguration;
			buildSettings = {
				BUNDLE_LOADER = "$(BUILT_PRODUCTS_DIR)/GameOfLife.app/GameOfLife";
				FRAMEWORK_SEARCH_PATHS = (
					"$(SDKROOT)/Developer/Library/Frameworks",
					"$(inherited)",
				);
				GCC_PREPROCESSOR_DEFINITIONS = (
					"DEBUG=1",
					"$(inherited)",
				);
				INFOPLIST_FILE = GameOfLifeTests/Info.plist;
				LD_RUNPATH_SEARCH_PATHS = "$(inherited) @executable_path/Frameworks @loader_path/Frameworks";
				METAL_ENABLE_DEBUG_INFO = YES;
				PRODUCT_NAME = "$(TARGET_NAME)";
				TEST_HOST = "$(BUNDLE_LOADER)";
			};
			name = Debug;
		};
		5D028CA11951294500F64D49 /* Release */ = {
			isa = XCBuildConfiguration;
			buildSettings = {
				BUNDLE_LOADER = "$(BUILT_PRODUCTS_DIR)/GameOfLife.app/GameOfLife";
				FRAMEWORK_SEARCH_PATHS = (
					"$(SDKROOT)/Developer/Library/Frameworks",
					"$(inherited)",
				);
				INFOPLIST_FILE = GameOfLifeTests/Info.plist;
				LD_RUNPATH_SEARCH_PATHS = "$(inherited) @executable_path/Frameworks @loader_path/Frameworks";
				METAL_ENABLE_DEBUG_INFO = NO;
				PRODUCT_NAME = "$(TARGET_NAME)";
				TEST_HOST = "$(BUNDLE_LOADER)";
			};
			name = Release;
		};
/* End XCBuildConfiguration section */

/* Begin XCConfigurationList section */
		5D028C771951294400F64D49 /* Build configuration list for PBXProject "GameOfLife" */ = {
			isa = XCConfigurationList;
			buildConfigurations = (
				5D028C9A1951294500F64D49 /* Debug */,
				5D028C9B1951294500F64D49 /* Release */,
			);
			defaultConfigurationIsVisible = 0;
			defaultConfigurationName = Release;
		};
		5D028C9C1951294500F64D49 /* Build configuration list for PBXNativeTarget "GameOfLife" */ = {
			isa = XCConfigurationList;
			buildConfigurations = (
				5D028C9D1951294500F64D49 /* Debug */,
				5D028C9E1951294500F64D49 /* Release */,
			);
			defaultConfigurationIsVisible = 0;
		};
		5D028C9F1951294500F64D49 /* Build configuration list for PBXNativeTarget "GameOfLifeTests" */ = {
			isa = XCConfigurationList;
			buildConfigurations = (
				5D028CA01951294500F64D49 /* Debug */,
				5D028CA11951294500F64D49 /* Release */,
			);
			defaultConfigurationIsVisible = 0;
		};
/* End XCConfigurationList section */
	};
	rootObject = 5D028C741951294400F64D49 /* Project object */;
}
